github.com/golang/glog v1.1.1 h1:jxpi2eWoU84wbX9iIEyAeeoac3FLuifZpY9tcNUD9kw=
github.com/golang/glog v1.1.1/go.mod h1:zR+okUeTbrL6EL3xHUDxZuEtGv04p5shwip1+mL/rLQ=
k8s.io/apimachinery v0.26.3 h1:dQx6PNETJ7nODU3XPtrwkfuubs6w7sX0M8n61zHIV/k=
k8s.io/apimachinery v0.26.3/go.mod h1:ats7nN1LExKHvJ9TmwootT00Yz05MuYqPXEXaVeOy5I=
